
Microsoft Visual Studio Solution File, Format Version 12.00
# Visual Studio 15
VisualStudioVersion = 15.0.27130.2027
MinimumVisualStudioVersion = 10.0.40219.1
Project("{FAE04EC0-301F-11D3-BF4B-00C04F79EFBC}") = "Token", "Token\Token.csproj", "{2B533B1D-25AC-4039-90B1-065605BD6935}"
EndProject
Project("{FAE04EC0-301F-11D3-BF4B-00C04F79EFBC}") = "Token.Application", "Token.Application\Token.Application.csproj", "{C46507F1-8C61-4998-8F78-BDB6B8EBBDD2}"
EndProject
Project("{FAE04EC0-301F-11D3-BF4B-00C04F79EFBC}") = "Token.Domain", "Token.Domain\Token.Domain.csproj", "{B4DFBFA7-2CA6-48C5-A7B8-66E1A4AC1C82}"
EndProject
Global
	GlobalSection(SolutionConfigurationPlatforms) = preSolution
		Debug|Any CPU = Debug|Any CPU
		Release|Any CPU = Release|Any CPU
	EndGlobalSection
	GlobalSection(ProjectConfigurationPlatforms) = postSolution
		{2B533B1D-25AC-4039-90B1-065605BD6935}.Debug|Any CPU.ActiveCfg = Debug|Any CPU
		{2B533B1D-25AC-4039-90B1-065605BD6935}.Debug|Any CPU.Build.0 = Debug|Any CPU
		{2B533B1D-25AC-4039-90B1-065605BD6935}.Release|Any CPU.ActiveCfg = Release|Any CPU
		{2B533B1D-25AC-4039-90B1-065605BD6935}.Release|Any CPU.Build.0 = Release|Any CPU
		{C46507F1-8C61-4998-8F78-BDB6B8EBBDD2}.Debug|Any CPU.ActiveCfg = Debug|Any CPU
		{C46507F1-8C61-4998-8F78-BDB6B8EBBDD2}.Debug|Any CPU.Build.0 = Debug|Any CPU
		{C46507F1-8C61-4998-8F78-BDB6B8EBBDD2}.Release|Any CPU.ActiveCfg = Release|Any CPU
		{C46507F1-8C61-4998-8F78-BDB6B8EBBDD2}.Release|Any CPU.Build.0 = Release|Any CPU
		{B4DFBFA7-2CA6-48C5-A7B8-66E1A4AC1C82}.Debug|Any CPU.ActiveCfg = Debug|Any CPU
		{B4DFBFA7-2CA6-48C5-A7B8-66E1A4AC1C82}.Debug|Any CPU.Build.0 = Debug|Any CPU
		{B4DFBFA7-2CA6-48C5-A7B8-66E1A4AC1C82}.Release|Any CPU.ActiveCfg = Release|Any CPU
		{B4DFBFA7-2CA6-48C5-A7B8-66E1A4AC1C82}.Release|Any CPU.Build.0 = Release|Any CPU
	EndGlobalSection
	GlobalSection(SolutionProperties) = preSolution
		HideSolutionNode = FALSE
	EndGlobalSection
	GlobalSection(ExtensibilityGlobals) = postSolution
		SolutionGuid = {2F06F89C-8FB4-4299-AF05-7B1AF52594AF}
	EndGlobalSection
EndGlobal
